
Microsoft Visual Studio Solution File, Format Version 11.00
# Visual C# Express 2010
Project("{FAE04EC0-301F-11D3-BF4B-00C04F79EFBC}") = "Terraria v1.1.2", "Terraria v1.1.2.csproj", "{BD6276B7-45CA-47FB-81CA-4A9A14C1D091}"
EndProject
Global
	GlobalSection(SolutionConfigurationPlatforms) = preSolution
		Debug|x86 = Debug|x86
		Release|x86 = Release|x86
	EndGlobalSection
	GlobalSection(ProjectConfigurationPlatforms) = postSolution
		{BD6276B7-45CA-47FB-81CA-4A9A14C1D091}.Debug|x86.ActiveCfg = Debug|x86
		{BD6276B7-45CA-47FB-81CA-4A9A14C1D091}.Debug|x86.Build.0 = Debug|x86
		{BD6276B7-45CA-47FB-81CA-4A9A14C1D091}.Release|x86.ActiveCfg = Release|x86
		{BD6276B7-45CA-47FB-81CA-4A9A14C1D091}.Release|x86.Build.0 = Release|x86
	EndGlobalSection
	GlobalSection(SolutionProperties) = preSolution
		HideSolutionNode = FALSE
	EndGlobalSection
EndGlobal
